
Microsoft Visual Studio Solution File, Format Version 12.00
# Visual Studio 15
VisualStudioVersion = 15.0.27004.2008
MinimumVisualStudioVersion = 10.0.40219.1
Project("{FAE04EC0-301F-11D3-BF4B-00C04F79EFBC}") = "MailTester", "MailTester\MailTester.csproj", "{A403A468-A143-49BF-A3C2-30D0E1EDBAFE}"
EndProject
Global
	GlobalSection(SolutionConfigurationPlatforms) = preSolution
		Debug|Any CPU = Debug|Any CPU
		Release|Any CPU = Release|Any CPU
	EndGlobalSection
	GlobalSection(ProjectConfigurationPlatforms) = postSolution
		{A403A468-A143-49BF-A3C2-30D0E1EDBAFE}.Debug|Any CPU.ActiveCfg = Debug|Any CPU
		{A403A468-A143-49BF-A3C2-30D0E1EDBAFE}.Debug|Any CPU.Build.0 = Debug|Any CPU
		{A403A468-A143-49BF-A3C2-30D0E1EDBAFE}.Release|Any CPU.ActiveCfg = Release|Any CPU
		{A403A468-A143-49BF-A3C2-30D0E1EDBAFE}.Release|Any CPU.Build.0 = Release|Any CPU
	EndGlobalSection
	GlobalSection(SolutionProperties) = preSolution
		HideSolutionNode = FALSE
	EndGlobalSection
	GlobalSection(ExtensibilityGlobals) = postSolution
		SolutionGuid = {5BE4799A-1157-4064-AEFA-CB24DDA304E4}
	EndGlobalSection
EndGlobal
